
Microsoft Visual Studio Solution File, Format Version 12.00
# Visual Studio 2012
Project("{FAE04EC0-301F-11D3-BF4B-00C04F79EFBC}") = "Everlook", "Everlook\Everlook.csproj", "{64BD763C-024D-477A-B05C-57152FD612DF}"
EndProject
Project("{FAE04EC0-301F-11D3-BF4B-00C04F79EFBC}") = "libwarcraft", "..\libwarcraft\libwarcraft\libwarcraft.csproj", "{DA06A44E-A67B-46C7-B07D-E90AEBED0502}"
EndProject
Project("{FAE04EC0-301F-11D3-BF4B-00C04F79EFBC}") = "liblistfile", "..\liblistfile\liblistfile\liblistfile.csproj", "{CE32160A-4A61-4813-93A5-D9DFDD7AB470}"
EndProject
Project("{FAE04EC0-301F-11D3-BF4B-00C04F79EFBC}") = "GLWidgetGTK3", "GLWidgetGTK3\GLWidgetGTK3.csproj", "{47B57CB3-1885-462D-84DA-FBA0AE356F2A}"
EndProject
Global
	GlobalSection(SolutionConfigurationPlatforms) = preSolution
		Debug|x86 = Debug|x86
		Release|x86 = Release|x86
	EndGlobalSection
	GlobalSection(ProjectConfigurationPlatforms) = postSolution
		{47B57CB3-1885-462D-84DA-FBA0AE356F2A}.Debug|x86.ActiveCfg = Debug|Any CPU
		{47B57CB3-1885-462D-84DA-FBA0AE356F2A}.Debug|x86.Build.0 = Debug|Any CPU
		{47B57CB3-1885-462D-84DA-FBA0AE356F2A}.Release|x86.ActiveCfg = Release|Any CPU
		{47B57CB3-1885-462D-84DA-FBA0AE356F2A}.Release|x86.Build.0 = Release|Any CPU
		{64BD763C-024D-477A-B05C-57152FD612DF}.Debug|x86.ActiveCfg = Debug|x86
		{64BD763C-024D-477A-B05C-57152FD612DF}.Debug|x86.Build.0 = Debug|x86
		{64BD763C-024D-477A-B05C-57152FD612DF}.Release|x86.ActiveCfg = Release|x86
		{64BD763C-024D-477A-B05C-57152FD612DF}.Release|x86.Build.0 = Release|x86
		{CE32160A-4A61-4813-93A5-D9DFDD7AB470}.Debug|x86.ActiveCfg = Debug|Any CPU
		{CE32160A-4A61-4813-93A5-D9DFDD7AB470}.Debug|x86.Build.0 = Debug|Any CPU
		{CE32160A-4A61-4813-93A5-D9DFDD7AB470}.Release|x86.ActiveCfg = Release|Any CPU
		{CE32160A-4A61-4813-93A5-D9DFDD7AB470}.Release|x86.Build.0 = Release|Any CPU
		{DA06A44E-A67B-46C7-B07D-E90AEBED0502}.Debug|x86.ActiveCfg = Debug|Any CPU
		{DA06A44E-A67B-46C7-B07D-E90AEBED0502}.Debug|x86.Build.0 = Debug|Any CPU
		{DA06A44E-A67B-46C7-B07D-E90AEBED0502}.Release|x86.ActiveCfg = Release|Any CPU
		{DA06A44E-A67B-46C7-B07D-E90AEBED0502}.Release|x86.Build.0 = Release|Any CPU
	EndGlobalSection
EndGlobal
