
Microsoft Visual Studio Solution File, Format Version 12.00
# Visual Studio 2012
Project("{FAE04EC0-301F-11D3-BF4B-00C04F79EFBC}") = "Everlook", "Everlook\Everlook.csproj", "{64BD763C-024D-477A-B05C-57152FD612DF}"
EndProject
Global
	GlobalSection(SolutionConfigurationPlatforms) = preSolution
		Release|Any CPU = Release|Any CPU
		Debug|Any CPU = Debug|Any CPU
	EndGlobalSection
	GlobalSection(ProjectConfigurationPlatforms) = postSolution
		{64BD763C-024D-477A-B05C-57152FD612DF}.Release|Any CPU.ActiveCfg = Debug|Any CPU
		{64BD763C-024D-477A-B05C-57152FD612DF}.Release|Any CPU.Build.0 = Debug|Any CPU
		{64BD763C-024D-477A-B05C-57152FD612DF}.Debug|Any CPU.ActiveCfg = Debug|Any CPU
		{64BD763C-024D-477A-B05C-57152FD612DF}.Debug|Any CPU.Build.0 = Debug|Any CPU
	EndGlobalSection
EndGlobal
